
Microsoft Visual Studio Solution File, Format Version 12.00
# Visual Studio Version 17
VisualStudioVersion = 17.8.34511.84
MinimumVisualStudioVersion = 10.0.40219.1
Project("{FAE04EC0-301F-11D3-BF4B-00C04F79EFBC}") = "TIMpassword", "TIMpassword.csproj", "{A18CA6D9-2C03-4968-B39C-5DD6D9FDB43D}"
EndProject
Global
	GlobalSection(SolutionConfigurationPlatforms) = preSolution
		Debug|Any CPU = Debug|Any CPU
		Release|Any CPU = Release|Any CPU
	EndGlobalSection
	GlobalSection(ProjectConfigurationPlatforms) = postSolution
		{A18CA6D9-2C03-4968-B39C-5DD6D9FDB43D}.Debug|Any CPU.ActiveCfg = Debug|Any CPU
		{A18CA6D9-2C03-4968-B39C-5DD6D9FDB43D}.Debug|Any CPU.Build.0 = Debug|Any CPU
		{A18CA6D9-2C03-4968-B39C-5DD6D9FDB43D}.Release|Any CPU.ActiveCfg = Release|Any CPU
		{A18CA6D9-2C03-4968-B39C-5DD6D9FDB43D}.Release|Any CPU.Build.0 = Release|Any CPU
	EndGlobalSection
	GlobalSection(SolutionProperties) = preSolution
		HideSolutionNode = FALSE
	EndGlobalSection
	GlobalSection(ExtensibilityGlobals) = postSolution
		SolutionGuid = {FA0C9C6C-0FD7-4E18-9F60-2E5B0B0D6946}
	EndGlobalSection
EndGlobal
